<?xml version="1.0" encoding="utf-8"?>
<Project ToolsVersion="4.0" xmlns="http://schemas.microsoft.com/developer/msbuild/2003">
  <ItemGroup>
    <Filter Include="Source">
      <UniqueIdentifier>{141b61c1-b971-4eac-ada1-14fc2f795888}</UniqueIdentifier>
    </Filter>
    <Filter Include="Inc">
      <UniqueIdentifier>{5d3c80ee-8c62-4441-bc84-1bc4238bcc49}</UniqueIdentifier>
    </Filter>
  </ItemGroup>
  <ItemGroup>
    <ClInclude Include="Src\Precompiled.h">
      <Filter>Source</Filter>
    </ClInclude>
    <ClInclude Include="Inc\Common.h">
      <Filter>Inc</Filter>
    </ClInclude>
    <ClInclude Include="Inc\NEngine.h">
      <Filter>Inc</Filter>
    </ClInclude>
    <ClInclude Include="Inc\App.h">
      <Filter>Inc</Filter>
    </ClInclude>
    <ClInclude Include="Inc\AppState.h">
      <Filter>Inc</Filter>
    </ClInclude>
  </ItemGroup>
  <ItemGroup>
    <ClCompile Include="Src\Source.cpp">
      <Filter>Source</Filter>
    </ClCompile>
    <ClCompile Include="Src\Precompiled.cpp">
      <Filter>Source</Filter>
    </ClCompile>
    <ClCompile Include="Src\App.cpp">
      <Filter>Source</Filter>
    </ClCompile>
  </ItemGroup>
</Project>