
Microsoft Visual Studio Solution File, Format Version 12.00
# Visual Studio Version 17
VisualStudioVersion = 17.4.33122.133
MinimumVisualStudioVersion = 10.0.40219.1
Project("{8BC9CEB8-8B4A-11D0-8D11-00A0C91BC942}") = "NEngine", "NEngine\NEngine.vcxproj", "{A7FBB628-F062-4199-A16B-DE13811EAE1D}"
EndProject
Project("{2150E333-8FDC-42A3-9474-1A3956D46DE8}") = "Assets", "Assets", "{0A58B5A2-AC7E-442B-8DEA-A8756AE96B09}"
	ProjectSection(SolutionItems) = preProject
		Assets\Shaders\DoNothing.fx = Assets\Shaders\DoNothing.fx
		Assets\Shaders\DoSomething.fx = Assets\Shaders\DoSomething.fx
		Assets\Shaders\DoTexturing.fx = Assets\Shaders\DoTexturing.fx
		Assets\Shaders\DoTransform.fx = Assets\Shaders\DoTransform.fx
	EndProjectSection
EndProject
Project("{2150E333-8FDC-42A3-9474-1A3956D46DE8}") = "Engine", "Engine", "{4CD3BFA8-2E27-4AF0-8F88-F1F2EA7BFC5D}"
EndProject
Project("{2150E333-8FDC-42A3-9474-1A3956D46DE8}") = "External", "External", "{DCFB3B97-744B-4155-BCDE-2EEE9B023A49}"
EndProject
Project("{2150E333-8FDC-42A3-9474-1A3956D46DE8}") = "Framework", "Framework", "{E3346A02-02E5-4C29-B1F8-F71DFF1FF47D}"
EndProject
Project("{2150E333-8FDC-42A3-9474-1A3956D46DE8}") = "VGP242", "VGP242", "{2DA9FC0A-327A-4AE5-A1E4-1E4624F0EE5B}"
EndProject
Project("{2150E333-8FDC-42A3-9474-1A3956D46DE8}") = "CSProps", "CSProps", "{BFFFDC1F-95B6-47DE-9D7D-CD811C89754B}"
EndProject
Project("{8BC9CEB8-8B4A-11D0-8D11-00A0C91BC942}") = "Core", "Framework\Core\Core.vcxproj", "{8D93A35A-7DC9-4D33-9B4D-9B4EFCA6E85D}"
EndProject
Project("{8BC9CEB8-8B4A-11D0-8D11-00A0C91BC942}") = "Input", "Framework\Input\Input.vcxproj", "{3629F01A-6FED-42EB-B308-E9F7F1346EAF}"
EndProject
Project("{8BC9CEB8-8B4A-11D0-8D11-00A0C91BC942}") = "Math", "Framework\Math\Math.vcxproj", "{F22DBF25-8383-4F01-8826-E90933ED8F5B}"
EndProject
Project("{8BC9CEB8-8B4A-11D0-8D11-00A0C91BC942}") = "Graphics", "Framework\Graphics\Graphics.vcxproj", "{55BD8FE6-8D32-437A-B5D0-830A322E3B81}"
EndProject
Project("{2150E333-8FDC-42A3-9474-1A3956D46DE8}") = "Textures", "Textures", "{2BE892F9-CAC6-46C2-B624-A826FDC2269F}"
	ProjectSection(SolutionItems) = preProject
		Assets\Textures\earth.jpg = Assets\Textures\earth.jpg
		Assets\Textures\earth_bump.jpg = Assets\Textures\earth_bump.jpg
		Assets\Textures\earth_clouds.jpg = Assets\Textures\earth_clouds.jpg
		Assets\Textures\earth_lights.jpg = Assets\Textures\earth_lights.jpg
		Assets\Textures\earth_normal.jpg = Assets\Textures\earth_normal.jpg
		Assets\Textures\earth_spec.jpg = Assets\Textures\earth_spec.jpg
		Assets\Textures\space.jpg = Assets\Textures\space.jpg
		Assets\Textures\sun.jpg = Assets\Textures\sun.jpg
	EndProjectSection
EndProject
Project("{8BC9CEB8-8B4A-11D0-8D11-00A0C91BC942}") = "DirectXTK_Desktop_2019", "External\DirectXTK\DirectXTK_Desktop_2019.vcxproj", "{E0B52AE7-E160-4D32-BF3F-910B785E5A8E}"
EndProject
Project("{8BC9CEB8-8B4A-11D0-8D11-00A0C91BC942}") = "HelloDebug", "VGP242\HelloDebug\HelloDebug.vcxproj", "{3C99B7EB-F2DC-4E19-9DA7-932016BD114E}"
EndProject
Project("{8BC9CEB8-8B4A-11D0-8D11-00A0C91BC942}") = "ImGui", "External\ImGui\ImGui.vcxproj", "{52D656A2-A2F4-4C54-A3C7-653427BED1E8}"
EndProject
Global
	GlobalSection(SolutionConfigurationPlatforms) = preSolution
		Debug|x64 = Debug|x64
		Debug|x86 = Debug|x86
		Release|x64 = Release|x64
		Release|x86 = Release|x86
	EndGlobalSection
	GlobalSection(ProjectConfigurationPlatforms) = postSolution
		{A7FBB628-F062-4199-A16B-DE13811EAE1D}.Debug|x64.ActiveCfg = Debug|x64
		{A7FBB628-F062-4199-A16B-DE13811EAE1D}.Debug|x64.Build.0 = Debug|x64
		{A7FBB628-F062-4199-A16B-DE13811EAE1D}.Debug|x86.ActiveCfg = Debug|Win32
		{A7FBB628-F062-4199-A16B-DE13811EAE1D}.Debug|x86.Build.0 = Debug|Win32
		{A7FBB628-F062-4199-A16B-DE13811EAE1D}.Release|x64.ActiveCfg = Release|x64
		{A7FBB628-F062-4199-A16B-DE13811EAE1D}.Release|x64.Build.0 = Release|x64
		{A7FBB628-F062-4199-A16B-DE13811EAE1D}.Release|x86.ActiveCfg = Release|Win32
		{A7FBB628-F062-4199-A16B-DE13811EAE1D}.Release|x86.Build.0 = Release|Win32
		{8D93A35A-7DC9-4D33-9B4D-9B4EFCA6E85D}.Debug|x64.ActiveCfg = Debug|x64
		{8D93A35A-7DC9-4D33-9B4D-9B4EFCA6E85D}.Debug|x64.Build.0 = Debug|x64
		{8D93A35A-7DC9-4D33-9B4D-9B4EFCA6E85D}.Debug|x86.ActiveCfg = Debug|Win32
		{8D93A35A-7DC9-4D33-9B4D-9B4EFCA6E85D}.Debug|x86.Build.0 = Debug|Win32
		{8D93A35A-7DC9-4D33-9B4D-9B4EFCA6E85D}.Release|x64.ActiveCfg = Release|x64
		{8D93A35A-7DC9-4D33-9B4D-9B4EFCA6E85D}.Release|x64.Build.0 = Release|x64
		{8D93A35A-7DC9-4D33-9B4D-9B4EFCA6E85D}.Release|x86.ActiveCfg = Release|Win32
		{8D93A35A-7DC9-4D33-9B4D-9B4EFCA6E85D}.Release|x86.Build.0 = Release|Win32
		{3629F01A-6FED-42EB-B308-E9F7F1346EAF}.Debug|x64.ActiveCfg = Debug|x64
		{3629F01A-6FED-42EB-B308-E9F7F1346EAF}.Debug|x64.Build.0 = Debug|x64
		{3629F01A-6FED-42EB-B308-E9F7F1346EAF}.Debug|x86.ActiveCfg = Debug|Win32
		{3629F01A-6FED-42EB-B308-E9F7F1346EAF}.Debug|x86.Build.0 = Debug|Win32
		{3629F01A-6FED-42EB-B308-E9F7F1346EAF}.Release|x64.ActiveCfg = Release|x64
		{3629F01A-6FED-42EB-B308-E9F7F1346EAF}.Release|x64.Build.0 = Release|x64
		{3629F01A-6FED-42EB-B308-E9F7F1346EAF}.Release|x86.ActiveCfg = Release|Win32
		{3629F01A-6FED-42EB-B308-E9F7F1346EAF}.Release|x86.Build.0 = Release|Win32
		{F22DBF25-8383-4F01-8826-E90933ED8F5B}.Debug|x64.ActiveCfg = Debug|x64
		{F22DBF25-8383-4F01-8826-E90933ED8F5B}.Debug|x64.Build.0 = Debug|x64
		{F22DBF25-8383-4F01-8826-E90933ED8F5B}.Debug|x86.ActiveCfg = Debug|Win32
		{F22DBF25-8383-4F01-8826-E90933ED8F5B}.Debug|x86.Build.0 = Debug|Win32
		{F22DBF25-8383-4F01-8826-E90933ED8F5B}.Release|x64.ActiveCfg = Release|x64
		{F22DBF25-8383-4F01-8826-E90933ED8F5B}.Release|x64.Build.0 = Release|x64
		{F22DBF25-8383-4F01-8826-E90933ED8F5B}.Release|x86.ActiveCfg = Release|Win32
		{F22DBF25-8383-4F01-8826-E90933ED8F5B}.Release|x86.Build.0 = Release|Win32
		{55BD8FE6-8D32-437A-B5D0-830A322E3B81}.Debug|x64.ActiveCfg = Debug|x64
		{55BD8FE6-8D32-437A-B5D0-830A322E3B81}.Debug|x64.Build.0 = Debug|x64
		{55BD8FE6-8D32-437A-B5D0-830A322E3B81}.Debug|x86.ActiveCfg = Debug|Win32
		{55BD8FE6-8D32-437A-B5D0-830A322E3B81}.Debug|x86.Build.0 = Debug|Win32
		{55BD8FE6-8D32-437A-B5D0-830A322E3B81}.Release|x64.ActiveCfg = Release|x64
		{55BD8FE6-8D32-437A-B5D0-830A322E3B81}.Release|x64.Build.0 = Release|x64
		{55BD8FE6-8D32-437A-B5D0-830A322E3B81}.Release|x86.ActiveCfg = Release|Win32
		{55BD8FE6-8D32-437A-B5D0-830A322E3B81}.Release|x86.Build.0 = Release|Win32
		{E0B52AE7-E160-4D32-BF3F-910B785E5A8E}.Debug|x64.ActiveCfg = Debug|x64
		{E0B52AE7-E160-4D32-BF3F-910B785E5A8E}.Debug|x64.Build.0 = Debug|x64
		{E0B52AE7-E160-4D32-BF3F-910B785E5A8E}.Debug|x86.ActiveCfg = Debug|Win32
		{E0B52AE7-E160-4D32-BF3F-910B785E5A8E}.Debug|x86.Build.0 = Debug|Win32
		{E0B52AE7-E160-4D32-BF3F-910B785E5A8E}.Release|x64.ActiveCfg = Release|x64
		{E0B52AE7-E160-4D32-BF3F-910B785E5A8E}.Release|x64.Build.0 = Release|x64
		{E0B52AE7-E160-4D32-BF3F-910B785E5A8E}.Release|x86.ActiveCfg = Release|Win32
		{E0B52AE7-E160-4D32-BF3F-910B785E5A8E}.Release|x86.Build.0 = Release|Win32
		{3C99B7EB-F2DC-4E19-9DA7-932016BD114E}.Debug|x64.ActiveCfg = Debug|x64
		{3C99B7EB-F2DC-4E19-9DA7-932016BD114E}.Debug|x64.Build.0 = Debug|x64
		{3C99B7EB-F2DC-4E19-9DA7-932016BD114E}.Debug|x86.ActiveCfg = Debug|Win32
		{3C99B7EB-F2DC-4E19-9DA7-932016BD114E}.Debug|x86.Build.0 = Debug|Win32
		{3C99B7EB-F2DC-4E19-9DA7-932016BD114E}.Release|x64.ActiveCfg = Release|x64
		{3C99B7EB-F2DC-4E19-9DA7-932016BD114E}.Release|x64.Build.0 = Release|x64
		{3C99B7EB-F2DC-4E19-9DA7-932016BD114E}.Release|x86.ActiveCfg = Release|Win32
		{3C99B7EB-F2DC-4E19-9DA7-932016BD114E}.Release|x86.Build.0 = Release|Win32
		{52D656A2-A2F4-4C54-A3C7-653427BED1E8}.Debug|x64.ActiveCfg = Debug|x64
		{52D656A2-A2F4-4C54-A3C7-653427BED1E8}.Debug|x64.Build.0 = Debug|x64
		{52D656A2-A2F4-4C54-A3C7-653427BED1E8}.Debug|x86.ActiveCfg = Debug|Win32
		{52D656A2-A2F4-4C54-A3C7-653427BED1E8}.Debug|x86.Build.0 = Debug|Win32
		{52D656A2-A2F4-4C54-A3C7-653427BED1E8}.Release|x64.ActiveCfg = Release|x64
		{52D656A2-A2F4-4C54-A3C7-653427BED1E8}.Release|x64.Build.0 = Release|x64
		{52D656A2-A2F4-4C54-A3C7-653427BED1E8}.Release|x86.ActiveCfg = Release|Win32
		{52D656A2-A2F4-4C54-A3C7-653427BED1E8}.Release|x86.Build.0 = Release|Win32
	EndGlobalSection
	GlobalSection(SolutionProperties) = preSolution
		HideSolutionNode = FALSE
	EndGlobalSection
	GlobalSection(NestedProjects) = preSolution
		{A7FBB628-F062-4199-A16B-DE13811EAE1D} = {4CD3BFA8-2E27-4AF0-8F88-F1F2EA7BFC5D}
		{8D93A35A-7DC9-4D33-9B4D-9B4EFCA6E85D} = {E3346A02-02E5-4C29-B1F8-F71DFF1FF47D}
		{3629F01A-6FED-42EB-B308-E9F7F1346EAF} = {E3346A02-02E5-4C29-B1F8-F71DFF1FF47D}
		{F22DBF25-8383-4F01-8826-E90933ED8F5B} = {E3346A02-02E5-4C29-B1F8-F71DFF1FF47D}
		{55BD8FE6-8D32-437A-B5D0-830A322E3B81} = {E3346A02-02E5-4C29-B1F8-F71DFF1FF47D}
		{2BE892F9-CAC6-46C2-B624-A826FDC2269F} = {0A58B5A2-AC7E-442B-8DEA-A8756AE96B09}
		{E0B52AE7-E160-4D32-BF3F-910B785E5A8E} = {DCFB3B97-744B-4155-BCDE-2EEE9B023A49}
		{3C99B7EB-F2DC-4E19-9DA7-932016BD114E} = {2DA9FC0A-327A-4AE5-A1E4-1E4624F0EE5B}
		{52D656A2-A2F4-4C54-A3C7-653427BED1E8} = {DCFB3B97-744B-4155-BCDE-2EEE9B023A49}
	EndGlobalSection
	GlobalSection(ExtensibilityGlobals) = postSolution
		SolutionGuid = {97061940-27BA-40CB-84F0-368C88E9EE95}
	EndGlobalSection
EndGlobal
